<?xml version="1.0" encoding="utf-8"?>
<Project ToolsVersion="4.0" xmlns="http://schemas.microsoft.com/developer/msbuild/2003">
  <ItemGroup>
    <Filter Include="Source Files">
      <UniqueIdentifier>{4FC737F1-C7A5-4376-A066-2A32D752A2FF}</UniqueIdentifier>
      <Extensions>cpp;c;cc;cxx;c++;cppm;ixx;def;odl;idl;hpj;bat;asm;asmx</Extensions>
    </Filter>
    <Filter Include="Header Files">
      <UniqueIdentifier>{93995380-89BD-4b04-88EB-625FBE52EBFB}</UniqueIdentifier>
      <Extensions>h;hh;hpp;hxx;h++;hm;inl;inc;ipp;xsd</Extensions>
    </Filter>
    <Filter Include="Resource Files">
      <UniqueIdentifier>{67DA6AB6-F800-4c08-8B7A-83BB121AAD01}</UniqueIdentifier>
      <Extensions>rc;ico;cur;bmp;dlg;rc2;rct;bin;rgs;gif;jpg;jpeg;jpe;resx;tiff;tif;png;wav;mfcribbon-ms</Extensions>
    </Filter>
  </ItemGroup>
  <ItemGroup>
    <ClInclude Include="framework.h">
      <Filter>Header Files</Filter>
    </ClInclude>
    <ClInclude Include="pch.h">
      <Filter>Header Files</Filter>
    </ClInclude>
    <ClInclude Include="SDP_main.h">
      <Filter>Header Files</Filter>
    </ClInclude>
    <ClInclude Include="ioctl_data.h">
      <Filter>Header Files</Filter>
    </ClInclude>
    <ClInclude Include="BTH_devices.h">
      <Filter>Header Files</Filter>
    </ClInclude>
    <ClInclude Include="COD_parser.h">
      <Filter>Header Files</Filter>
    </ClInclude>
    <ClInclude Include="SDP_header\SDP.h">
      <Filter>Header Files</Filter>
    </ClInclude>
    <ClInclude Include="SDP_header\SDP_a2dp_part_1.h">
      <Filter>Header Files</Filter>
    </ClInclude>
    <ClInclude Include="SDP_header\SDP_a2dp_part_2.h">
      <Filter>Header Files</Filter>
    </ClInclude>
    <ClInclude Include="SDP_header\SDP_avrcp_part_1.h">
      <Filter>Header Files</Filter>
    </ClInclude>
    <ClInclude Include="SDP_header\SDP_avrcp_part_2.h">
      <Filter>Header Files</Filter>
    </ClInclude>
    <ClInclude Include="SDP_header\SDP_classes.h">
      <Filter>Header Files</Filter>
    </ClInclude>
    <ClInclude Include="SDP_header\SDP_enums.h">
      <Filter>Header Files</Filter>
    </ClInclude>
    <ClInclude Include="SDP_header\SDP_functions.h">
      <Filter>Header Files</Filter>
    </ClInclude>
    <ClInclude Include="SDP_header\SDP_hfp_part_1.h">
      <Filter>Header Files</Filter>
    </ClInclude>
    <ClInclude Include="SDP_header\SDP_hfp_part_2.h">
      <Filter>Header Files</Filter>
    </ClInclude>
    <ClInclude Include="SDP_header\SDP_hsp_part_1.h">
      <Filter>Header Files</Filter>
    </ClInclude>
    <ClInclude Include="SDP_header\SDP_hsp_part_2.h">
      <Filter>Header Files</Filter>
    </ClInclude>
    <ClInclude Include="SDP_header\SDP_map_part_1.h">
      <Filter>Header Files</Filter>
    </ClInclude>
    <ClInclude Include="SDP_header\SDP_map_part_2.h">
      <Filter>Header Files</Filter>
    </ClInclude>
    <ClInclude Include="SDP_header\SDP_nap_part_1.h">
      <Filter>Header Files</Filter>
    </ClInclude>
    <ClInclude Include="SDP_header\SDP_nap_part_2.h">
      <Filter>Header Files</Filter>
    </ClInclude>
    <ClInclude Include="SDP_header\SDP_obex_part_1.h">
      <Filter>Header Files</Filter>
    </ClInclude>
    <ClInclude Include="SDP_header\SDP_obex_part_2.h">
      <Filter>Header Files</Filter>
    </ClInclude>
    <ClInclude Include="SDP_header\SDP_pbap_part_1.h">
      <Filter>Header Files</Filter>
    </ClInclude>
    <ClInclude Include="SDP_header\SDP_pbap_part_2.h">
      <Filter>Header Files</Filter>
    </ClInclude>
    <ClInclude Include="SDP_header\SDP_pnpinfo_part_1.h">
      <Filter>Header Files</Filter>
    </ClInclude>
    <ClInclude Include="SDP_header\SDP_pnpinfo_part_2.h">
      <Filter>Header Files</Filter>
    </ClInclude>
    <ClInclude Include="SDP_header\SDP_services_objects.h">
      <Filter>Header Files</Filter>
    </ClInclude>
    <ClInclude Include="SDP_header\SDP_sub_functions.h">
      <Filter>Header Files</Filter>
    </ClInclude>
  </ItemGroup>
  <ItemGroup>
    <ClCompile Include="dllmain.cpp">
      <Filter>Source Files</Filter>
    </ClCompile>
    <ClCompile Include="pch.cpp">
      <Filter>Source Files</Filter>
    </ClCompile>
    <ClCompile Include="ioctl_data.cpp">
      <Filter>Source Files</Filter>
    </ClCompile>
    <ClCompile Include="COD_parser.cpp">
      <Filter>Source Files</Filter>
    </ClCompile>
    <ClCompile Include="SDP.cpp">
      <Filter>Source Files</Filter>
    </ClCompile>
    <ClCompile Include="SDP_a2dp.cpp">
      <Filter>Source Files</Filter>
    </ClCompile>
    <ClCompile Include="SDP_avrcp.cpp">
      <Filter>Source Files</Filter>
    </ClCompile>
    <ClCompile Include="SDP_classes.cpp">
      <Filter>Source Files</Filter>
    </ClCompile>
    <ClCompile Include="SDP_functions.cpp">
      <Filter>Source Files</Filter>
    </ClCompile>
    <ClCompile Include="SDP_hfp.cpp">
      <Filter>Source Files</Filter>
    </ClCompile>
    <ClCompile Include="SDP_hsp.cpp">
      <Filter>Source Files</Filter>
    </ClCompile>
    <ClCompile Include="SDP_map.cpp">
      <Filter>Source Files</Filter>
    </ClCompile>
    <ClCompile Include="SDP_nap.cpp">
      <Filter>Source Files</Filter>
    </ClCompile>
    <ClCompile Include="SDP_obex.cpp">
      <Filter>Source Files</Filter>
    </ClCompile>
    <ClCompile Include="SDP_pbap.cpp">
      <Filter>Source Files</Filter>
    </ClCompile>
    <ClCompile Include="SDP_pnpinfo.cpp">
      <Filter>Source Files</Filter>
    </ClCompile>
  </ItemGroup>
</Project>